
Microsoft Visual Studio Solution File, Format Version 12.00
# Visual Studio Version 17
VisualStudioVersion = 17.8.34322.80
MinimumVisualStudioVersion = 10.0.40219.1
Project("{FAE04EC0-301F-11D3-BF4B-00C04F79EFBC}") = "gitignoresecondexample", "gitignoresecondexample\gitignoresecondexample.csproj", "{77122DA9-9C53-4AB5-9A53-3E7BBF37B6AC}"
EndProject
Global
	GlobalSection(SolutionConfigurationPlatforms) = preSolution
		Debug|Any CPU = Debug|Any CPU
		Release|Any CPU = Release|Any CPU
	EndGlobalSection
	GlobalSection(ProjectConfigurationPlatforms) = postSolution
		{77122DA9-9C53-4AB5-9A53-3E7BBF37B6AC}.Debug|Any CPU.ActiveCfg = Debug|Any CPU
		{77122DA9-9C53-4AB5-9A53-3E7BBF37B6AC}.Debug|Any CPU.Build.0 = Debug|Any CPU
		{77122DA9-9C53-4AB5-9A53-3E7BBF37B6AC}.Release|Any CPU.ActiveCfg = Release|Any CPU
		{77122DA9-9C53-4AB5-9A53-3E7BBF37B6AC}.Release|Any CPU.Build.0 = Release|Any CPU
	EndGlobalSection
	GlobalSection(SolutionProperties) = preSolution
		HideSolutionNode = FALSE
	EndGlobalSection
	GlobalSection(ExtensibilityGlobals) = postSolution
		SolutionGuid = {C9D4703E-0D47-40E6-ABE3-1F7E6DB3E55E}
	EndGlobalSection
EndGlobal
